
Microsoft Visual Studio Solution File, Format Version 12.00
# Visual Studio Version 17
VisualStudioVersion = 17.0.31903.59
MinimumVisualStudioVersion = 10.0.40219.1
Project("{2150E333-8FDC-42A3-9474-1A3956D46DE8}") = "src", "src", "{827E0CD3-B72D-47B6-A68D-7590B98EB39B}"
EndProject
Project("{FAE04EC0-301F-11D3-BF4B-00C04F79EFBC}") = "OpenSearch.Net", "src\OpenSearch.Net\OpenSearch.Net.csproj", "{71725899-B073-40AE-BC54-63BE89753568}"
EndProject
Project("{FAE04EC0-301F-11D3-BF4B-00C04F79EFBC}") = "OpenSearch.Client", "src\OpenSearch.Client\OpenSearch.Client.csproj", "{AB016342-945F-4666-A9C7-2FCF011C6CE5}"
EndProject
Project("{2150E333-8FDC-42A3-9474-1A3956D46DE8}") = "tests", "tests", "{0AB3BF05-4346-4AA6-1389-037BE0695223}"
EndProject
Project("{FAE04EC0-301F-11D3-BF4B-00C04F79EFBC}") = "OpenSearch.Net.Tests", "tests\OpenSearch.Net.Tests\OpenSearch.Net.Tests.csproj", "{81C2882E-7833-430C-9AE7-2D834D940AF5}"
EndProject
Project("{FAE04EC0-301F-11D3-BF4B-00C04F79EFBC}") = "OpenSearch.Client.Tests", "tests\OpenSearch.Client.Tests\OpenSearch.Client.Tests.csproj", "{908792A2-5428-4D44-8DA1-A0F5B04A755E}"
EndProject
Project("{FAE04EC0-301F-11D3-BF4B-00C04F79EFBC}") = "OpenSearch.CodeGen", "src\OpenSearch.CodeGen\OpenSearch.CodeGen.csproj", "{23A70855-E2AD-4D50-9FDE-D0BB0644F3DF}"
EndProject
Project("{FAE04EC0-301F-11D3-BF4B-00C04F79EFBC}") = "OpenSearch.IntegrationTests", "tests\OpenSearch.IntegrationTests\OpenSearch.IntegrationTests.csproj", "{A8ED689E-6B18-4348-9C8E-DD18C3476F96}"
EndProject
Global
	GlobalSection(SolutionConfigurationPlatforms) = preSolution
		Debug|Any CPU = Debug|Any CPU
		Debug|x64 = Debug|x64
		Debug|x86 = Debug|x86
		Release|Any CPU = Release|Any CPU
		Release|x64 = Release|x64
		Release|x86 = Release|x86
	EndGlobalSection
	GlobalSection(ProjectConfigurationPlatforms) = postSolution
		{71725899-B073-40AE-BC54-63BE89753568}.Debug|Any CPU.ActiveCfg = Debug|Any CPU
		{71725899-B073-40AE-BC54-63BE89753568}.Debug|Any CPU.Build.0 = Debug|Any CPU
		{71725899-B073-40AE-BC54-63BE89753568}.Debug|x64.ActiveCfg = Debug|Any CPU
		{71725899-B073-40AE-BC54-63BE89753568}.Debug|x64.Build.0 = Debug|Any CPU
		{71725899-B073-40AE-BC54-63BE89753568}.Debug|x86.ActiveCfg = Debug|Any CPU
		{71725899-B073-40AE-BC54-63BE89753568}.Debug|x86.Build.0 = Debug|Any CPU
		{71725899-B073-40AE-BC54-63BE89753568}.Release|Any CPU.ActiveCfg = Release|Any CPU
		{71725899-B073-40AE-BC54-63BE89753568}.Release|Any CPU.Build.0 = Release|Any CPU
		{71725899-B073-40AE-BC54-63BE89753568}.Release|x64.ActiveCfg = Release|Any CPU
		{71725899-B073-40AE-BC54-63BE89753568}.Release|x64.Build.0 = Release|Any CPU
		{71725899-B073-40AE-BC54-63BE89753568}.Release|x86.ActiveCfg = Release|Any CPU
		{71725899-B073-40AE-BC54-63BE89753568}.Release|x86.Build.0 = Release|Any CPU
		{AB016342-945F-4666-A9C7-2FCF011C6CE5}.Debug|Any CPU.ActiveCfg = Debug|Any CPU
		{AB016342-945F-4666-A9C7-2FCF011C6CE5}.Debug|Any CPU.Build.0 = Debug|Any CPU
		{AB016342-945F-4666-A9C7-2FCF011C6CE5}.Debug|x64.ActiveCfg = Debug|Any CPU
		{AB016342-945F-4666-A9C7-2FCF011C6CE5}.Debug|x64.Build.0 = Debug|Any CPU
		{AB016342-945F-4666-A9C7-2FCF011C6CE5}.Debug|x86.ActiveCfg = Debug|Any CPU
		{AB016342-945F-4666-A9C7-2FCF011C6CE5}.Debug|x86.Build.0 = Debug|Any CPU
		{AB016342-945F-4666-A9C7-2FCF011C6CE5}.Release|Any CPU.ActiveCfg = Release|Any CPU
		{AB016342-945F-4666-A9C7-2FCF011C6CE5}.Release|Any CPU.Build.0 = Release|Any CPU
		{AB016342-945F-4666-A9C7-2FCF011C6CE5}.Release|x64.ActiveCfg = Release|Any CPU
		{AB016342-945F-4666-A9C7-2FCF011C6CE5}.Release|x64.Build.0 = Release|Any CPU
		{AB016342-945F-4666-A9C7-2FCF011C6CE5}.Release|x86.ActiveCfg = Release|Any CPU
		{AB016342-945F-4666-A9C7-2FCF011C6CE5}.Release|x86.Build.0 = Release|Any CPU
		{81C2882E-7833-430C-9AE7-2D834D940AF5}.Debug|Any CPU.ActiveCfg = Debug|Any CPU
		{81C2882E-7833-430C-9AE7-2D834D940AF5}.Debug|Any CPU.Build.0 = Debug|Any CPU
		{81C2882E-7833-430C-9AE7-2D834D940AF5}.Debug|x64.ActiveCfg = Debug|Any CPU
		{81C2882E-7833-430C-9AE7-2D834D940AF5}.Debug|x64.Build.0 = Debug|Any CPU
		{81C2882E-7833-430C-9AE7-2D834D940AF5}.Debug|x86.ActiveCfg = Debug|Any CPU
		{81C2882E-7833-430C-9AE7-2D834D940AF5}.Debug|x86.Build.0 = Debug|Any CPU
		{81C2882E-7833-430C-9AE7-2D834D940AF5}.Release|Any CPU.ActiveCfg = Release|Any CPU
		{81C2882E-7833-430C-9AE7-2D834D940AF5}.Release|Any CPU.Build.0 = Release|Any CPU
		{81C2882E-7833-430C-9AE7-2D834D940AF5}.Release|x64.ActiveCfg = Release|Any CPU
		{81C2882E-7833-430C-9AE7-2D834D940AF5}.Release|x64.Build.0 = Release|Any CPU
		{81C2882E-7833-430C-9AE7-2D834D940AF5}.Release|x86.ActiveCfg = Release|Any CPU
		{81C2882E-7833-430C-9AE7-2D834D940AF5}.Release|x86.Build.0 = Release|Any CPU
		{908792A2-5428-4D44-8DA1-A0F5B04A755E}.Debug|Any CPU.ActiveCfg = Debug|Any CPU
		{908792A2-5428-4D44-8DA1-A0F5B04A755E}.Debug|Any CPU.Build.0 = Debug|Any CPU
		{908792A2-5428-4D44-8DA1-A0F5B04A755E}.Debug|x64.ActiveCfg = Debug|Any CPU
		{908792A2-5428-4D44-8DA1-A0F5B04A755E}.Debug|x64.Build.0 = Debug|Any CPU
		{908792A2-5428-4D44-8DA1-A0F5B04A755E}.Debug|x86.ActiveCfg = Debug|Any CPU
		{908792A2-5428-4D44-8DA1-A0F5B04A755E}.Debug|x86.Build.0 = Debug|Any CPU
		{908792A2-5428-4D44-8DA1-A0F5B04A755E}.Release|Any CPU.ActiveCfg = Release|Any CPU
		{908792A2-5428-4D44-8DA1-A0F5B04A755E}.Release|Any CPU.Build.0 = Release|Any CPU
		{908792A2-5428-4D44-8DA1-A0F5B04A755E}.Release|x64.ActiveCfg = Release|Any CPU
		{908792A2-5428-4D44-8DA1-A0F5B04A755E}.Release|x64.Build.0 = Release|Any CPU
		{908792A2-5428-4D44-8DA1-A0F5B04A755E}.Release|x86.ActiveCfg = Release|Any CPU
		{908792A2-5428-4D44-8DA1-A0F5B04A755E}.Release|x86.Build.0 = Release|Any CPU
		{23A70855-E2AD-4D50-9FDE-D0BB0644F3DF}.Debug|Any CPU.ActiveCfg = Debug|Any CPU
		{23A70855-E2AD-4D50-9FDE-D0BB0644F3DF}.Debug|Any CPU.Build.0 = Debug|Any CPU
		{23A70855-E2AD-4D50-9FDE-D0BB0644F3DF}.Debug|x64.ActiveCfg = Debug|Any CPU
		{23A70855-E2AD-4D50-9FDE-D0BB0644F3DF}.Debug|x64.Build.0 = Debug|Any CPU
		{23A70855-E2AD-4D50-9FDE-D0BB0644F3DF}.Debug|x86.ActiveCfg = Debug|Any CPU
		{23A70855-E2AD-4D50-9FDE-D0BB0644F3DF}.Debug|x86.Build.0 = Debug|Any CPU
		{23A70855-E2AD-4D50-9FDE-D0BB0644F3DF}.Release|Any CPU.ActiveCfg = Release|Any CPU
		{23A70855-E2AD-4D50-9FDE-D0BB0644F3DF}.Release|Any CPU.Build.0 = Release|Any CPU
		{23A70855-E2AD-4D50-9FDE-D0BB0644F3DF}.Release|x64.ActiveCfg = Release|Any CPU
		{23A70855-E2AD-4D50-9FDE-D0BB0644F3DF}.Release|x64.Build.0 = Release|Any CPU
		{23A70855-E2AD-4D50-9FDE-D0BB0644F3DF}.Release|x86.ActiveCfg = Release|Any CPU
		{23A70855-E2AD-4D50-9FDE-D0BB0644F3DF}.Release|x86.Build.0 = Release|Any CPU
		{A8ED689E-6B18-4348-9C8E-DD18C3476F96}.Debug|Any CPU.ActiveCfg = Debug|Any CPU
		{A8ED689E-6B18-4348-9C8E-DD18C3476F96}.Debug|Any CPU.Build.0 = Debug|Any CPU
		{A8ED689E-6B18-4348-9C8E-DD18C3476F96}.Debug|x64.ActiveCfg = Debug|Any CPU
		{A8ED689E-6B18-4348-9C8E-DD18C3476F96}.Debug|x64.Build.0 = Debug|Any CPU
		{A8ED689E-6B18-4348-9C8E-DD18C3476F96}.Debug|x86.ActiveCfg = Debug|Any CPU
		{A8ED689E-6B18-4348-9C8E-DD18C3476F96}.Debug|x86.Build.0 = Debug|Any CPU
		{A8ED689E-6B18-4348-9C8E-DD18C3476F96}.Release|Any CPU.ActiveCfg = Release|Any CPU
		{A8ED689E-6B18-4348-9C8E-DD18C3476F96}.Release|Any CPU.Build.0 = Release|Any CPU
		{A8ED689E-6B18-4348-9C8E-DD18C3476F96}.Release|x64.ActiveCfg = Release|Any CPU
		{A8ED689E-6B18-4348-9C8E-DD18C3476F96}.Release|x64.Build.0 = Release|Any CPU
		{A8ED689E-6B18-4348-9C8E-DD18C3476F96}.Release|x86.ActiveCfg = Release|Any CPU
		{A8ED689E-6B18-4348-9C8E-DD18C3476F96}.Release|x86.Build.0 = Release|Any CPU
	EndGlobalSection
	GlobalSection(SolutionProperties) = preSolution
		HideSolutionNode = FALSE
	EndGlobalSection
	GlobalSection(NestedProjects) = preSolution
		{71725899-B073-40AE-BC54-63BE89753568} = {827E0CD3-B72D-47B6-A68D-7590B98EB39B}
		{AB016342-945F-4666-A9C7-2FCF011C6CE5} = {827E0CD3-B72D-47B6-A68D-7590B98EB39B}
		{81C2882E-7833-430C-9AE7-2D834D940AF5} = {0AB3BF05-4346-4AA6-1389-037BE0695223}
		{908792A2-5428-4D44-8DA1-A0F5B04A755E} = {0AB3BF05-4346-4AA6-1389-037BE0695223}
		{23A70855-E2AD-4D50-9FDE-D0BB0644F3DF} = {827E0CD3-B72D-47B6-A68D-7590B98EB39B}
		{A8ED689E-6B18-4348-9C8E-DD18C3476F96} = {0AB3BF05-4346-4AA6-1389-037BE0695223}
	EndGlobalSection
EndGlobal
